
Microsoft Visual Studio Solution File, Format Version 12.00
# Visual Studio Version 17
VisualStudioVersion = 17.0.31903.59
MinimumVisualStudioVersion = 10.0.40219.1
Project("{2150E333-8FDC-42A3-9474-1A3956D46DE8}") = "src", "src", "{46FC3874-2BA3-4C46-8FE0-FFA11C30DC87}"
EndProject
Project("{FAE04EC0-301F-11D3-BF4B-00C04F79EFBC}") = "AuctionService", "src\AuctionService\AuctionService.csproj", "{1C69CFC2-56A2-41F0-A4F7-9D760F76E3E9}"
EndProject
Project("{FAE04EC0-301F-11D3-BF4B-00C04F79EFBC}") = "SearchService", "src\SearchService\SearchService.csproj", "{B681B141-1226-4558-AB02-6521943A014B}"
EndProject
Project("{FAE04EC0-301F-11D3-BF4B-00C04F79EFBC}") = "Contracts", "src\Contracts\Contracts.csproj", "{DE8CE65D-F83C-4480-9D97-2A5D7C91942A}"
EndProject
Project("{FAE04EC0-301F-11D3-BF4B-00C04F79EFBC}") = "IdentityService", "src\IdentityService\IdentityService.csproj", "{4425F027-3825-4A9E-B8CD-76BE8F33DD6C}"
EndProject
Global
	GlobalSection(SolutionConfigurationPlatforms) = preSolution
		Debug|Any CPU = Debug|Any CPU
		Release|Any CPU = Release|Any CPU
	EndGlobalSection
	GlobalSection(SolutionProperties) = preSolution
		HideSolutionNode = FALSE
	EndGlobalSection
	GlobalSection(ProjectConfigurationPlatforms) = postSolution
		{1C69CFC2-56A2-41F0-A4F7-9D760F76E3E9}.Debug|Any CPU.ActiveCfg = Debug|Any CPU
		{1C69CFC2-56A2-41F0-A4F7-9D760F76E3E9}.Debug|Any CPU.Build.0 = Debug|Any CPU
		{1C69CFC2-56A2-41F0-A4F7-9D760F76E3E9}.Release|Any CPU.ActiveCfg = Release|Any CPU
		{1C69CFC2-56A2-41F0-A4F7-9D760F76E3E9}.Release|Any CPU.Build.0 = Release|Any CPU
		{B681B141-1226-4558-AB02-6521943A014B}.Debug|Any CPU.ActiveCfg = Debug|Any CPU
		{B681B141-1226-4558-AB02-6521943A014B}.Debug|Any CPU.Build.0 = Debug|Any CPU
		{B681B141-1226-4558-AB02-6521943A014B}.Release|Any CPU.ActiveCfg = Release|Any CPU
		{B681B141-1226-4558-AB02-6521943A014B}.Release|Any CPU.Build.0 = Release|Any CPU
		{DE8CE65D-F83C-4480-9D97-2A5D7C91942A}.Debug|Any CPU.ActiveCfg = Debug|Any CPU
		{DE8CE65D-F83C-4480-9D97-2A5D7C91942A}.Debug|Any CPU.Build.0 = Debug|Any CPU
		{DE8CE65D-F83C-4480-9D97-2A5D7C91942A}.Release|Any CPU.ActiveCfg = Release|Any CPU
		{DE8CE65D-F83C-4480-9D97-2A5D7C91942A}.Release|Any CPU.Build.0 = Release|Any CPU
		{4425F027-3825-4A9E-B8CD-76BE8F33DD6C}.Debug|Any CPU.ActiveCfg = Debug|Any CPU
		{4425F027-3825-4A9E-B8CD-76BE8F33DD6C}.Debug|Any CPU.Build.0 = Debug|Any CPU
		{4425F027-3825-4A9E-B8CD-76BE8F33DD6C}.Release|Any CPU.ActiveCfg = Release|Any CPU
		{4425F027-3825-4A9E-B8CD-76BE8F33DD6C}.Release|Any CPU.Build.0 = Release|Any CPU
	EndGlobalSection
	GlobalSection(NestedProjects) = preSolution
		{1C69CFC2-56A2-41F0-A4F7-9D760F76E3E9} = {46FC3874-2BA3-4C46-8FE0-FFA11C30DC87}
		{B681B141-1226-4558-AB02-6521943A014B} = {46FC3874-2BA3-4C46-8FE0-FFA11C30DC87}
		{DE8CE65D-F83C-4480-9D97-2A5D7C91942A} = {46FC3874-2BA3-4C46-8FE0-FFA11C30DC87}
		{4425F027-3825-4A9E-B8CD-76BE8F33DD6C} = {46FC3874-2BA3-4C46-8FE0-FFA11C30DC87}
	EndGlobalSection
EndGlobal
